
Microsoft Visual Studio Solution File, Format Version 12.00
# Visual Studio Version 17
VisualStudioVersion = 17.7.34031.279
MinimumVisualStudioVersion = 10.0.40219.1
Project("{FAE04EC0-301F-11D3-BF4B-00C04F79EFBC}") = "clicker", "clicker.csproj", "{CBEFAC66-CD0F-4C92-A849-389A08E828FE}"
EndProject
Global
	GlobalSection(SolutionConfigurationPlatforms) = preSolution
		Debug|Any CPU = Debug|Any CPU
		Release|Any CPU = Release|Any CPU
	EndGlobalSection
	GlobalSection(ProjectConfigurationPlatforms) = postSolution
		{CBEFAC66-CD0F-4C92-A849-389A08E828FE}.Debug|Any CPU.ActiveCfg = Debug|Any CPU
		{CBEFAC66-CD0F-4C92-A849-389A08E828FE}.Debug|Any CPU.Build.0 = Debug|Any CPU
		{CBEFAC66-CD0F-4C92-A849-389A08E828FE}.Release|Any CPU.ActiveCfg = Release|Any CPU
		{CBEFAC66-CD0F-4C92-A849-389A08E828FE}.Release|Any CPU.Build.0 = Release|Any CPU
	EndGlobalSection
	GlobalSection(SolutionProperties) = preSolution
		HideSolutionNode = FALSE
	EndGlobalSection
	GlobalSection(ExtensibilityGlobals) = postSolution
		SolutionGuid = {1AA89F42-F2A4-4690-B661-E79BAFB376D6}
	EndGlobalSection
EndGlobal
