
Microsoft Visual Studio Solution File, Format Version 12.00
# Visual Studio Version 17
VisualStudioVersion = 17.7.34202.233
MinimumVisualStudioVersion = 10.0.40219.1
Project("{FAE04EC0-301F-11D3-BF4B-00C04F79EFBC}") = "clock", "clock\clock.csproj", "{0E587192-0BC0-4046-8E13-B764B95CB049}"
EndProject
Global
	GlobalSection(SolutionConfigurationPlatforms) = preSolution
		Debug|Any CPU = Debug|Any CPU
		Release|Any CPU = Release|Any CPU
	EndGlobalSection
	GlobalSection(ProjectConfigurationPlatforms) = postSolution
		{0E587192-0BC0-4046-8E13-B764B95CB049}.Debug|Any CPU.ActiveCfg = Debug|Any CPU
		{0E587192-0BC0-4046-8E13-B764B95CB049}.Debug|Any CPU.Build.0 = Debug|Any CPU
		{0E587192-0BC0-4046-8E13-B764B95CB049}.Release|Any CPU.ActiveCfg = Release|Any CPU
		{0E587192-0BC0-4046-8E13-B764B95CB049}.Release|Any CPU.Build.0 = Release|Any CPU
	EndGlobalSection
	GlobalSection(SolutionProperties) = preSolution
		HideSolutionNode = FALSE
	EndGlobalSection
	GlobalSection(ExtensibilityGlobals) = postSolution
		SolutionGuid = {BEE528EF-3298-4F54-B0F1-305D0715E5DB}
	EndGlobalSection
EndGlobal
